
Microsoft Visual Studio Solution File, Format Version 12.00
# Visual Studio 2012
Project("{FAE04EC0-301F-11D3-BF4B-00C04F79EFBC}") = "DoNet.WebServer", "DoNet.WebServer.csproj", "{EBCA4373-3142-4FA2-A829-AFD89F16A58E}"
EndProject
Project("{FAE04EC0-301F-11D3-BF4B-00C04F79EFBC}") = "Boxi.ASPX", "Boxi.ASPX\Boxi.ASPX.csproj", "{30BB5D2D-4027-42ED-84A2-F107B86C8075}"
EndProject
Global
	GlobalSection(SolutionConfigurationPlatforms) = preSolution
		Debug|Any CPU = Debug|Any CPU
		Release|Any CPU = Release|Any CPU
	EndGlobalSection
	GlobalSection(ProjectConfigurationPlatforms) = postSolution
		{EBCA4373-3142-4FA2-A829-AFD89F16A58E}.Debug|Any CPU.ActiveCfg = Debug|Any CPU
		{EBCA4373-3142-4FA2-A829-AFD89F16A58E}.Debug|Any CPU.Build.0 = Debug|Any CPU
		{EBCA4373-3142-4FA2-A829-AFD89F16A58E}.Release|Any CPU.ActiveCfg = Release|Any CPU
		{EBCA4373-3142-4FA2-A829-AFD89F16A58E}.Release|Any CPU.Build.0 = Release|Any CPU
		{30BB5D2D-4027-42ED-84A2-F107B86C8075}.Debug|Any CPU.ActiveCfg = Debug|Any CPU
		{30BB5D2D-4027-42ED-84A2-F107B86C8075}.Debug|Any CPU.Build.0 = Debug|Any CPU
		{30BB5D2D-4027-42ED-84A2-F107B86C8075}.Release|Any CPU.ActiveCfg = Release|Any CPU
		{30BB5D2D-4027-42ED-84A2-F107B86C8075}.Release|Any CPU.Build.0 = Release|Any CPU
	EndGlobalSection
	GlobalSection(SolutionProperties) = preSolution
		HideSolutionNode = FALSE
	EndGlobalSection
EndGlobal
